// !$*UTF8*$!
{
	archiveVersion = 1;
	classes = {
	};
	objectVersion = 56;
	objects = {

/* Begin PBXBuildFile section */
		E83162AF2BFBFD09001D06D1 /* TIMELY_OFFICIALApp.swift in Sources */ = {isa = PBXBuildFile; fileRef = E83162AE2BFBFD09001D06D1 /* TIMELY_OFFICIALApp.swift */; };
		E83162B12BFBFD09001D06D1 /* ContentView.swift in Sources */ = {isa = PBXBuildFile; fileRef = E83162B02BFBFD09001D06D1 /* ContentView.swift */; };
		E83162B32BFBFD0A001D06D1 /* Assets.xcassets in Resources */ = {isa = PBXBuildFile; fileRef = E83162B22BFBFD0A001D06D1 /* Assets.xcassets */; };
		E83162B62BFBFD0A001D06D1 /* Preview Assets.xcassets in Resources */ = {isa = PBXBuildFile; fileRef = E83162B52BFBFD0A001D06D1 /* Preview Assets.xcassets */; };
		E83162C02BFBFD0A001D06D1 /* TIMELY_OFFICIALTests.swift in Sources */ = {isa = PBXBuildFile; fileRef = E83162BF2BFBFD0A001D06D1 /* TIMELY_OFFICIALTests.swift */; };
		E83162CA2BFBFD0A001D06D1 /* TIMELY_OFFICIALUITests.swift in Sources */ = {isa = PBXBuildFile; fileRef = E83162C92BFBFD0A001D06D1 /* TIMELY_OFFICIALUITests.swift */; };
		E83162CC2BFBFD0A001D06D1 /* TIMELY_OFFICIALUITestsLaunchTests.swift in Sources */ = {isa = PBXBuildFile; fileRef = E83162CB2BFBFD0A001D06D1 /* TIMELY_OFFICIALUITestsLaunchTests.swift */; };
		E83162D92BFE759D001D06D1 /* HomeView.swift in Sources */ = {isa = PBXBuildFile; fileRef = E83162D82BFE759D001D06D1 /* HomeView.swift */; };
		E83162DB2BFE75D0001D06D1 /* CreateScheduleView.swift in Sources */ = {isa = PBXBuildFile; fileRef = E83162DA2BFE75D0001D06D1 /* CreateScheduleView.swift */; };
		E83162DD2BFE75F9001D06D1 /* FullScheduleView.swift in Sources */ = {isa = PBXBuildFile; fileRef = E83162DC2BFE75F9001D06D1 /* FullScheduleView.swift */; };
		E83162DF2BFE7607001D06D1 /* StatsView.swift in Sources */ = {isa = PBXBuildFile; fileRef = E83162DE2BFE7607001D06D1 /* StatsView.swift */; };
		E83162E12BFE763B001D06D1 /* FriendsStatusView.swift in Sources */ = {isa = PBXBuildFile; fileRef = E83162E02BFE763B001D06D1 /* FriendsStatusView.swift */; };
		E83162E32BFE765E001D06D1 /* AddFriendsView.swift in Sources */ = {isa = PBXBuildFile; fileRef = E83162E22BFE765E001D06D1 /* AddFriendsView.swift */; };
		E83162E72BFE776C001D06D1 /* User.swift in Sources */ = {isa = PBXBuildFile; fileRef = E83162E62BFE776C001D06D1 /* User.swift */; };
		E83162E92BFE7918001D06D1 /* Activities .swift in Sources */ = {isa = PBXBuildFile; fileRef = E83162E82BFE7918001D06D1 /* Activities .swift */; };
		E83162EB2BFE7F22001D06D1 /* ProfileView.swift in Sources */ = {isa = PBXBuildFile; fileRef = E83162EA2BFE7F22001D06D1 /* ProfileView.swift */; };
		E83162ED2BFE9A21001D06D1 /* ChatView.swift in Sources */ = {isa = PBXBuildFile; fileRef = E83162EC2BFE9A21001D06D1 /* ChatView.swift */; };
/* End PBXBuildFile section */

/* Begin PBXContainerItemProxy section */
		E83162BC2BFBFD0A001D06D1 /* PBXContainerItemProxy */ = {
			isa = PBXContainerItemProxy;
			containerPortal = E83162A32BFBFD09001D06D1 /* Project object */;
			proxyType = 1;
			remoteGlobalIDString = E83162AA2BFBFD09001D06D1;
			remoteInfo = TIMELY.OFFICIAL;
		};
		E83162C62BFBFD0A001D06D1 /* PBXContainerItemProxy */ = {
			isa = PBXContainerItemProxy;
			containerPortal = E83162A32BFBFD09001D06D1 /* Project object */;
			proxyType = 1;
			remoteGlobalIDString = E83162AA2BFBFD09001D06D1;
			remoteInfo = TIMELY.OFFICIAL;
		};
/* End PBXContainerItemProxy section */

/* Begin PBXFileReference section */
		E83162AB2BFBFD09001D06D1 /* TIMELY.OFFICIAL.app */ = {isa = PBXFileReference; explicitFileType = wrapper.application; includeInIndex = 0; path = TIMELY.OFFICIAL.app; sourceTree = BUILT_PRODUCTS_DIR; };
		E83162AE2BFBFD09001D06D1 /* TIMELY_OFFICIALApp.swift */ = {isa = PBXFileReference; lastKnownFileType = sourcecode.swift; path = TIMELY_OFFICIALApp.swift; sourceTree = "<group>"; };
		E83162B02BFBFD09001D06D1 /* ContentView.swift */ = {isa = PBXFileReference; lastKnownFileType = sourcecode.swift; path = ContentView.swift; sourceTree = "<group>"; };
		E83162B22BFBFD0A001D06D1 /* Assets.xcassets */ = {isa = PBXFileReference; lastKnownFileType = folder.assetcatalog; path = Assets.xcassets; sourceTree = "<group>"; };
		E83162B52BFBFD0A001D06D1 /* Preview Assets.xcassets */ = {isa = PBXFileReference; lastKnownFileType = folder.assetcatalog; path = "Preview Assets.xcassets"; sourceTree = "<group>"; };
		E83162BB2BFBFD0A001D06D1 /* TIMELY.OFFICIALTests.xctest */ = {isa = PBXFileReference; explicitFileType = wrapper.cfbundle; includeInIndex = 0; path = TIMELY.OFFICIALTests.xctest; sourceTree = BUILT_PRODUCTS_DIR; };
		E83162BF2BFBFD0A001D06D1 /* TIMELY_OFFICIALTests.swift */ = {isa = PBXFileReference; lastKnownFileType = sourcecode.swift; path = TIMELY_OFFICIALTests.swift; sourceTree = "<group>"; };
		E83162C52BFBFD0A001D06D1 /* TIMELY.OFFICIALUITests.xctest */ = {isa = PBXFileReference; explicitFileType = wrapper.cfbundle; includeInIndex = 0; path = TIMELY.OFFICIALUITests.xctest; sourceTree = BUILT_PRODUCTS_DIR; };
		E83162C92BFBFD0A001D06D1 /* TIMELY_OFFICIALUITests.swift */ = {isa = PBXFileReference; lastKnownFileType = sourcecode.swift; path = TIMELY_OFFICIALUITests.swift; sourceTree = "<group>"; };
		E83162CB2BFBFD0A001D06D1 /* TIMELY_OFFICIALUITestsLaunchTests.swift */ = {isa = PBXFileReference; lastKnownFileType = sourcecode.swift; path = TIMELY_OFFICIALUITestsLaunchTests.swift; sourceTree = "<group>"; };
		E83162D82BFE759D001D06D1 /* HomeView.swift */ = {isa = PBXFileReference; lastKnownFileType = sourcecode.swift; path = HomeView.swift; sourceTree = "<group>"; };
		E83162DA2BFE75D0001D06D1 /* CreateScheduleView.swift */ = {isa = PBXFileReference; lastKnownFileType = sourcecode.swift; path = CreateScheduleView.swift; sourceTree = "<group>"; };
		E83162DC2BFE75F9001D06D1 /* FullScheduleView.swift */ = {isa = PBXFileReference; lastKnownFileType = sourcecode.swift; path = FullScheduleView.swift; sourceTree = "<group>"; };
		E83162DE2BFE7607001D06D1 /* StatsView.swift */ = {isa = PBXFileReference; lastKnownFileType = sourcecode.swift; path = StatsView.swift; sourceTree = "<group>"; };
		E83162E02BFE763B001D06D1 /* FriendsStatusView.swift */ = {isa = PBXFileReference; lastKnownFileType = sourcecode.swift; path = FriendsStatusView.swift; sourceTree = "<group>"; };
		E83162E22BFE765E001D06D1 /* AddFriendsView.swift */ = {isa = PBXFileReference; lastKnownFileType = sourcecode.swift; path = AddFriendsView.swift; sourceTree = "<group>"; };
		E83162E62BFE776C001D06D1 /* User.swift */ = {isa = PBXFileReference; lastKnownFileType = sourcecode.swift; path = User.swift; sourceTree = "<group>"; };
		E83162E82BFE7918001D06D1 /* Activities .swift */ = {isa = PBXFileReference; lastKnownFileType = sourcecode.swift; path = "Activities .swift"; sourceTree = "<group>"; };
		E83162EA2BFE7F22001D06D1 /* ProfileView.swift */ = {isa = PBXFileReference; lastKnownFileType = sourcecode.swift; path = ProfileView.swift; sourceTree = "<group>"; };
		E83162EC2BFE9A21001D06D1 /* ChatView.swift */ = {isa = PBXFileReference; lastKnownFileType = sourcecode.swift; path = ChatView.swift; sourceTree = "<group>"; };
/* End PBXFileReference section */

/* Begin PBXFrameworksBuildPhase section */
		E83162A82BFBFD09001D06D1 /* Frameworks */ = {
			isa = PBXFrameworksBuildPhase;
			buildActionMask = 2147483647;
			files = (
			);
			runOnlyForDeploymentPostprocessing = 0;
		};
		E83162B82BFBFD0A001D06D1 /* Frameworks */ = {
			isa = PBXFrameworksBuildPhase;
			buildActionMask = 2147483647;
			files = (
			);
			runOnlyForDeploymentPostprocessing = 0;
		};
		E83162C22BFBFD0A001D06D1 /* Frameworks */ = {
			isa = PBXFrameworksBuildPhase;
			buildActionMask = 2147483647;
			files = (
			);
			runOnlyForDeploymentPostprocessing = 0;
		};
/* End PBXFrameworksBuildPhase section */

/* Begin PBXGroup section */
		E83162A22BFBFD09001D06D1 = {
			isa = PBXGroup;
			children = (
				E83162AD2BFBFD09001D06D1 /* TIMELY.OFFICIAL */,
				E83162BE2BFBFD0A001D06D1 /* TIMELY.OFFICIALTests */,
				E83162C82BFBFD0A001D06D1 /* TIMELY.OFFICIALUITests */,
				E83162AC2BFBFD09001D06D1 /* Products */,
			);
			sourceTree = "<group>";
		};
		E83162AC2BFBFD09001D06D1 /* Products */ = {
			isa = PBXGroup;
			children = (
				E83162AB2BFBFD09001D06D1 /* TIMELY.OFFICIAL.app */,
				E83162BB2BFBFD0A001D06D1 /* TIMELY.OFFICIALTests.xctest */,
				E83162C52BFBFD0A001D06D1 /* TIMELY.OFFICIALUITests.xctest */,
			);
			name = Products;
			sourceTree = "<group>";
		};
		E83162AD2BFBFD09001D06D1 /* TIMELY.OFFICIAL */ = {
			isa = PBXGroup;
			children = (
				E83162AE2BFBFD09001D06D1 /* TIMELY_OFFICIALApp.swift */,
				E83162B02BFBFD09001D06D1 /* ContentView.swift */,
				E83162B22BFBFD0A001D06D1 /* Assets.xcassets */,
				E83162B42BFBFD0A001D06D1 /* Preview Content */,
				E83162E52BFE7739001D06D1 /* Models */,
				E83162E42BFE767A001D06D1 /* Views */,
			);
			path = TIMELY.OFFICIAL;
			sourceTree = "<group>";
		};
		E83162B42BFBFD0A001D06D1 /* Preview Content */ = {
			isa = PBXGroup;
			children = (
				E83162B52BFBFD0A001D06D1 /* Preview Assets.xcassets */,
			);
			path = "Preview Content";
			sourceTree = "<group>";
		};
		E83162BE2BFBFD0A001D06D1 /* TIMELY.OFFICIALTests */ = {
			isa = PBXGroup;
			children = (
				E83162BF2BFBFD0A001D06D1 /* TIMELY_OFFICIALTests.swift */,
			);
			path = TIMELY.OFFICIALTests;
			sourceTree = "<group>";
		};
		E83162C82BFBFD0A001D06D1 /* TIMELY.OFFICIALUITests */ = {
			isa = PBXGroup;
			children = (
				E83162C92BFBFD0A001D06D1 /* TIMELY_OFFICIALUITests.swift */,
				E83162CB2BFBFD0A001D06D1 /* TIMELY_OFFICIALUITestsLaunchTests.swift */,
			);
			path = TIMELY.OFFICIALUITests;
			sourceTree = "<group>";
		};
		E83162E42BFE767A001D06D1 /* Views */ = {
			isa = PBXGroup;
			children = (
				E83162D82BFE759D001D06D1 /* HomeView.swift */,
				E83162DC2BFE75F9001D06D1 /* FullScheduleView.swift */,
				E83162E22BFE765E001D06D1 /* AddFriendsView.swift */,
				E83162E02BFE763B001D06D1 /* FriendsStatusView.swift */,
				E83162DE2BFE7607001D06D1 /* StatsView.swift */,
				E83162DA2BFE75D0001D06D1 /* CreateScheduleView.swift */,
				E83162EA2BFE7F22001D06D1 /* ProfileView.swift */,
				E83162EC2BFE9A21001D06D1 /* ChatView.swift */,
			);
			path = Views;
			sourceTree = "<group>";
		};
		E83162E52BFE7739001D06D1 /* Models */ = {
			isa = PBXGroup;
			children = (
				E83162E62BFE776C001D06D1 /* User.swift */,
				E83162E82BFE7918001D06D1 /* Activities .swift */,
			);
			path = Models;
			sourceTree = "<group>";
		};
/* End PBXGroup section */

/* Begin PBXNativeTarget section */
		E83162AA2BFBFD09001D06D1 /* TIMELY.OFFICIAL */ = {
			isa = PBXNativeTarget;
			buildConfigurationList = E83162CF2BFBFD0A001D06D1 /* Build configuration list for PBXNativeTarget "TIMELY.OFFICIAL" */;
			buildPhases = (
				E83162A72BFBFD09001D06D1 /* Sources */,
				E83162A82BFBFD09001D06D1 /* Frameworks */,
				E83162A92BFBFD09001D06D1 /* Resources */,
			);
			buildRules = (
			);
			dependencies = (
			);
			name = TIMELY.OFFICIAL;
			productName = TIMELY.OFFICIAL;
			productReference = E83162AB2BFBFD09001D06D1 /* TIMELY.OFFICIAL.app */;
			productType = "com.apple.product-type.application";
		};
		E83162BA2BFBFD0A001D06D1 /* TIMELY.OFFICIALTests */ = {
			isa = PBXNativeTarget;
			buildConfigurationList = E83162D22BFBFD0A001D06D1 /* Build configuration list for PBXNativeTarget "TIMELY.OFFICIALTests" */;
			buildPhases = (
				E83162B72BFBFD0A001D06D1 /* Sources */,
				E83162B82BFBFD0A001D06D1 /* Frameworks */,
				E83162B92BFBFD0A001D06D1 /* Resources */,
			);
			buildRules = (
			);
			dependencies = (
				E83162BD2BFBFD0A001D06D1 /* PBXTargetDependency */,
			);
			name = TIMELY.OFFICIALTests;
			productName = TIMELY.OFFICIALTests;
			productReference = E83162BB2BFBFD0A001D06D1 /* TIMELY.OFFICIALTests.xctest */;
			productType = "com.apple.product-type.bundle.unit-test";
		};
		E83162C42BFBFD0A001D06D1 /* TIMELY.OFFICIALUITests */ = {
			isa = PBXNativeTarget;
			buildConfigurationList = E83162D52BFBFD0A001D06D1 /* Build configuration list for PBXNativeTarget "TIMELY.OFFICIALUITests" */;
			buildPhases = (
				E83162C12BFBFD0A001D06D1 /* Sources */,
				E83162C22BFBFD0A001D06D1 /* Frameworks */,
				E83162C32BFBFD0A001D06D1 /* Resources */,
			);
			buildRules = (
			);
			dependencies = (
				E83162C72BFBFD0A001D06D1 /* PBXTargetDependency */,
			);
			name = TIMELY.OFFICIALUITests;
			productName = TIMELY.OFFICIALUITests;
			productReference = E83162C52BFBFD0A001D06D1 /* TIMELY.OFFICIALUITests.xctest */;
			productType = "com.apple.product-type.bundle.ui-testing";
		};
/* End PBXNativeTarget section */

/* Begin PBXProject section */
		E83162A32BFBFD09001D06D1 /* Project object */ = {
			isa = PBXProject;
			attributes = {
				BuildIndependentTargetsInParallel = 1;
				LastSwiftUpdateCheck = 1520;
				LastUpgradeCheck = 1520;
				TargetAttributes = {
					E83162AA2BFBFD09001D06D1 = {
						CreatedOnToolsVersion = 15.2;
					};
					E83162BA2BFBFD0A001D06D1 = {
						CreatedOnToolsVersion = 15.2;
						TestTargetID = E83162AA2BFBFD09001D06D1;
					};
					E83162C42BFBFD0A001D06D1 = {
						CreatedOnToolsVersion = 15.2;
						TestTargetID = E83162AA2BFBFD09001D06D1;
					};
				};
			};
			buildConfigurationList = E83162A62BFBFD09001D06D1 /* Build configuration list for PBXProject "TIMELY.OFFICIAL" */;
			compatibilityVersion = "Xcode 14.0";
			developmentRegion = en;
			hasScannedForEncodings = 0;
			knownRegions = (
				en,
				Base,
			);
			mainGroup = E83162A22BFBFD09001D06D1;
			productRefGroup = E83162AC2BFBFD09001D06D1 /* Products */;
			projectDirPath = "";
			projectRoot = "";
			targets = (
				E83162AA2BFBFD09001D06D1 /* TIMELY.OFFICIAL */,
				E83162BA2BFBFD0A001D06D1 /* TIMELY.OFFICIALTests */,
				E83162C42BFBFD0A001D06D1 /* TIMELY.OFFICIALUITests */,
			);
		};
/* End PBXProject section */

/* Begin PBXResourcesBuildPhase section */
		E83162A92BFBFD09001D06D1 /* Resources */ = {
			isa = PBXResourcesBuildPhase;
			buildActionMask = 2147483647;
			files = (
				E83162B62BFBFD0A001D06D1 /* Preview Assets.xcassets in Resources */,
				E83162B32BFBFD0A001D06D1 /* Assets.xcassets in Resources */,
			);
			runOnlyForDeploymentPostprocessing = 0;
		};
		E83162B92BFBFD0A001D06D1 /* Resources */ = {
			isa = PBXResourcesBuildPhase;
			buildActionMask = 2147483647;
			files = (
			);
			runOnlyForDeploymentPostprocessing = 0;
		};
		E83162C32BFBFD0A001D06D1 /* Resources */ = {
			isa = PBXResourcesBuildPhase;
			buildActionMask = 2147483647;
			files = (
			);
			runOnlyForDeploymentPostprocessing = 0;
		};
/* End PBXResourcesBuildPhase section */

/* Begin PBXSourcesBuildPhase section */
		E83162A72BFBFD09001D06D1 /* Sources */ = {
			isa = PBXSourcesBuildPhase;
			buildActionMask = 2147483647;
			files = (
				E83162DD2BFE75F9001D06D1 /* FullScheduleView.swift in Sources */,
				E83162D92BFE759D001D06D1 /* HomeView.swift in Sources */,
				E83162DF2BFE7607001D06D1 /* StatsView.swift in Sources */,
				E83162B12BFBFD09001D06D1 /* ContentView.swift in Sources */,
				E83162ED2BFE9A21001D06D1 /* ChatView.swift in Sources */,
				E83162AF2BFBFD09001D06D1 /* TIMELY_OFFICIALApp.swift in Sources */,
				E83162E92BFE7918001D06D1 /* Activities .swift in Sources */,
				E83162E72BFE776C001D06D1 /* User.swift in Sources */,
				E83162E12BFE763B001D06D1 /* FriendsStatusView.swift in Sources */,
				E83162E32BFE765E001D06D1 /* AddFriendsView.swift in Sources */,
				E83162EB2BFE7F22001D06D1 /* ProfileView.swift in Sources */,
				E83162DB2BFE75D0001D06D1 /* CreateScheduleView.swift in Sources */,
			);
			runOnlyForDeploymentPostprocessing = 0;
		};
		E83162B72BFBFD0A001D06D1 /* Sources */ = {
			isa = PBXSourcesBuildPhase;
			buildActionMask = 2147483647;
			files = (
				E83162C02BFBFD0A001D06D1 /* TIMELY_OFFICIALTests.swift in Sources */,
			);
			runOnlyForDeploymentPostprocessing = 0;
		};
		E83162C12BFBFD0A001D06D1 /* Sources */ = {
			isa = PBXSourcesBuildPhase;
			buildActionMask = 2147483647;
			files = (
				E83162CA2BFBFD0A001D06D1 /* TIMELY_OFFICIALUITests.swift in Sources */,
				E83162CC2BFBFD0A001D06D1 /* TIMELY_OFFICIALUITestsLaunchTests.swift in Sources */,
			);
			runOnlyForDeploymentPostprocessing = 0;
		};
/* End PBXSourcesBuildPhase section */

/* Begin PBXTargetDependency section */
		E83162BD2BFBFD0A001D06D1 /* PBXTargetDependency */ = {
			isa = PBXTargetDependency;
			target = E83162AA2BFBFD09001D06D1 /* TIMELY.OFFICIAL */;
			targetProxy = E83162BC2BFBFD0A001D06D1 /* PBXContainerItemProxy */;
		};
		E83162C72BFBFD0A001D06D1 /* PBXTargetDependency */ = {
			isa = PBXTargetDependency;
			target = E83162AA2BFBFD09001D06D1 /* TIMELY.OFFICIAL */;
			targetProxy = E83162C62BFBFD0A001D06D1 /* PBXContainerItemProxy */;
		};
/* End PBXTargetDependency section */

/* Begin XCBuildConfiguration section */
		E83162CD2BFBFD0A001D06D1 /* Debug */ = {
			isa = XCBuildConfiguration;
			buildSettings = {
				ALWAYS_SEARCH_USER_PATHS = NO;
				ASSETCATALOG_COMPILER_GENERATE_SWIFT_ASSET_SYMBOL_EXTENSIONS = YES;
				CLANG_ANALYZER_NONNULL = YES;
				CLANG_ANALYZER_NUMBER_OBJECT_CONVERSION = YES_AGGRESSIVE;
				CLANG_CXX_LANGUAGE_STANDARD = "gnu++20";
				CLANG_ENABLE_MODULES = YES;
				CLANG_ENABLE_OBJC_ARC = YES;
				CLANG_ENABLE_OBJC_WEAK = YES;
				CLANG_WARN_BLOCK_CAPTURE_AUTORELEASING = YES;
				CLANG_WARN_BOOL_CONVERSION = YES;
				CLANG_WARN_COMMA = YES;
				CLANG_WARN_CONSTANT_CONVERSION = YES;
				CLANG_WARN_DEPRECATED_OBJC_IMPLEMENTATIONS = YES;
				CLANG_WARN_DIRECT_OBJC_ISA_USAGE = YES_ERROR;
				CLANG_WARN_DOCUMENTATION_COMMENTS = YES;
				CLANG_WARN_EMPTY_BODY = YES;
				CLANG_WARN_ENUM_CONVERSION = YES;
				CLANG_WARN_INFINITE_RECURSION = YES;
				CLANG_WARN_INT_CONVERSION = YES;
				CLANG_WARN_NON_LITERAL_NULL_CONVERSION = YES;
				CLANG_WARN_OBJC_IMPLICIT_RETAIN_SELF = YES;
				CLANG_WARN_OBJC_LITERAL_CONVERSION = YES;
				CLANG_WARN_OBJC_ROOT_CLASS = YES_ERROR;
				CLANG_WARN_QUOTED_INCLUDE_IN_FRAMEWORK_HEADER = YES;
				CLANG_WARN_RANGE_LOOP_ANALYSIS = YES;
				CLANG_WARN_STRICT_PROTOTYPES = YES;
				CLANG_WARN_SUSPICIOUS_MOVE = YES;
				CLANG_WARN_UNGUARDED_AVAILABILITY = YES_AGGRESSIVE;
				CLANG_WARN_UNREACHABLE_CODE = YES;
				CLANG_WARN__DUPLICATE_METHOD_MATCH = YES;
				COPY_PHASE_STRIP = NO;
				DEBUG_INFORMATION_FORMAT = dwarf;
				ENABLE_STRICT_OBJC_MSGSEND = YES;
				ENABLE_TESTABILITY = YES;
				ENABLE_USER_SCRIPT_SANDBOXING = YES;
				GCC_C_LANGUAGE_STANDARD = gnu17;
				GCC_DYNAMIC_NO_PIC = NO;
				GCC_NO_COMMON_BLOCKS = YES;
				GCC_OPTIMIZATION_LEVEL = 0;
				GCC_PREPROCESSOR_DEFINITIONS = (
					"DEBUG=1",
					"$(inherited)",
				);
				GCC_WARN_64_TO_32_BIT_CONVERSION = YES;
				GCC_WARN_ABOUT_RETURN_TYPE = YES_ERROR;
				GCC_WARN_UNDECLARED_SELECTOR = YES;
				GCC_WARN_UNINITIALIZED_AUTOS = YES_AGGRESSIVE;
				GCC_WARN_UNUSED_FUNCTION = YES;
				GCC_WARN_UNUSED_VARIABLE = YES;
				IPHONEOS_DEPLOYMENT_TARGET = 17.2;
				LOCALIZATION_PREFERS_STRING_CATALOGS = YES;
				MTL_ENABLE_DEBUG_INFO = INCLUDE_SOURCE;
				MTL_FAST_MATH = YES;
				ONLY_ACTIVE_ARCH = YES;
				SDKROOT = iphoneos;
				SWIFT_ACTIVE_COMPILATION_CONDITIONS = "DEBUG $(inherited)";
				SWIFT_OPTIMIZATION_LEVEL = "-Onone";
			};
			name = Debug;
		};
		E83162CE2BFBFD0A001D06D1 /* Release */ = {
			isa = XCBuildConfiguration;
			buildSettings = {
				ALWAYS_SEARCH_USER_PATHS = NO;
				ASSETCATALOG_COMPILER_GENERATE_SWIFT_ASSET_SYMBOL_EXTENSIONS = YES;
				CLANG_ANALYZER_NONNULL = YES;
				CLANG_ANALYZER_NUMBER_OBJECT_CONVERSION = YES_AGGRESSIVE;
				CLANG_CXX_LANGUAGE_STANDARD = "gnu++20";
				CLANG_ENABLE_MODULES = YES;
				CLANG_ENABLE_OBJC_ARC = YES;
				CLANG_ENABLE_OBJC_WEAK = YES;
				CLANG_WARN_BLOCK_CAPTURE_AUTORELEASING = YES;
				CLANG_WARN_BOOL_CONVERSION = YES;
				CLANG_WARN_COMMA = YES;
				CLANG_WARN_CONSTANT_CONVERSION = YES;
				CLANG_WARN_DEPRECATED_OBJC_IMPLEMENTATIONS = YES;
				CLANG_WARN_DIRECT_OBJC_ISA_USAGE = YES_ERROR;
				CLANG_WARN_DOCUMENTATION_COMMENTS = YES;
				CLANG_WARN_EMPTY_BODY = YES;
				CLANG_WARN_ENUM_CONVERSION = YES;
				CLANG_WARN_INFINITE_RECURSION = YES;
				CLANG_WARN_INT_CONVERSION = YES;
				CLANG_WARN_NON_LITERAL_NULL_CONVERSION = YES;
				CLANG_WARN_OBJC_IMPLICIT_RETAIN_SELF = YES;
				CLANG_WARN_OBJC_LITERAL_CONVERSION = YES;
				CLANG_WARN_OBJC_ROOT_CLASS = YES_ERROR;
				CLANG_WARN_QUOTED_INCLUDE_IN_FRAMEWORK_HEADER = YES;
				CLANG_WARN_RANGE_LOOP_ANALYSIS = YES;
				CLANG_WARN_STRICT_PROTOTYPES = YES;
				CLANG_WARN_SUSPICIOUS_MOVE = YES;
				CLANG_WARN_UNGUARDED_AVAILABILITY = YES_AGGRESSIVE;
				CLANG_WARN_UNREACHABLE_CODE = YES;
				CLANG_WARN__DUPLICATE_METHOD_MATCH = YES;
				COPY_PHASE_STRIP = NO;
				DEBUG_INFORMATION_FORMAT = "dwarf-with-dsym";
				ENABLE_NS_ASSERTIONS = NO;
				ENABLE_STRICT_OBJC_MSGSEND = YES;
				ENABLE_USER_SCRIPT_SANDBOXING = YES;
				GCC_C_LANGUAGE_STANDARD = gnu17;
				GCC_NO_COMMON_BLOCKS = YES;
				GCC_WARN_64_TO_32_BIT_CONVERSION = YES;
				GCC_WARN_ABOUT_RETURN_TYPE = YES_ERROR;
				GCC_WARN_UNDECLARED_SELECTOR = YES;
				GCC_WARN_UNINITIALIZED_AUTOS = YES_AGGRESSIVE;
				GCC_WARN_UNUSED_FUNCTION = YES;
				GCC_WARN_UNUSED_VARIABLE = YES;
				IPHONEOS_DEPLOYMENT_TARGET = 17.2;
				LOCALIZATION_PREFERS_STRING_CATALOGS = YES;
				MTL_ENABLE_DEBUG_INFO = NO;
				MTL_FAST_MATH = YES;
				SDKROOT = iphoneos;
				SWIFT_COMPILATION_MODE = wholemodule;
				VALIDATE_PRODUCT = YES;
			};
			name = Release;
		};
		E83162D02BFBFD0A001D06D1 /* Debug */ = {
			isa = XCBuildConfiguration;
			buildSettings = {
				ASSETCATALOG_COMPILER_APPICON_NAME = AppIcon;
				ASSETCATALOG_COMPILER_GLOBAL_ACCENT_COLOR_NAME = AccentColor;
				CODE_SIGN_STYLE = Automatic;
				CURRENT_PROJECT_VERSION = 1;
				DEVELOPMENT_ASSET_PATHS = "\"TIMELY.OFFICIAL/Preview Content\"";
				ENABLE_PREVIEWS = YES;
				GENERATE_INFOPLIST_FILE = YES;
				INFOPLIST_KEY_UIApplicationSceneManifest_Generation = YES;
				INFOPLIST_KEY_UIApplicationSupportsIndirectInputEvents = YES;
				INFOPLIST_KEY_UILaunchScreen_Generation = YES;
				INFOPLIST_KEY_UISupportedInterfaceOrientations_iPad = "UIInterfaceOrientationPortrait UIInterfaceOrientationPortraitUpsideDown UIInterfaceOrientationLandscapeLeft UIInterfaceOrientationLandscapeRight";
				INFOPLIST_KEY_UISupportedInterfaceOrientations_iPhone = "UIInterfaceOrientationPortrait UIInterfaceOrientationLandscapeLeft UIInterfaceOrientationLandscapeRight";
				LD_RUNPATH_SEARCH_PATHS = (
					"$(inherited)",
					"@executable_path/Frameworks",
				);
				MARKETING_VERSION = 1.0;
				PRODUCT_BUNDLE_IDENTIFIER = "ROUNY.TIMELY-OFFICIAL";
				PRODUCT_NAME = "$(TARGET_NAME)";
				SWIFT_EMIT_LOC_STRINGS = YES;
				SWIFT_VERSION = 5.0;
				TARGETED_DEVICE_FAMILY = "1,2";
			};
			name = Debug;
		};
		E83162D12BFBFD0A001D06D1 /* Release */ = {
			isa = XCBuildConfiguration;
			buildSettings = {
				ASSETCATALOG_COMPILER_APPICON_NAME = AppIcon;
				ASSETCATALOG_COMPILER_GLOBAL_ACCENT_COLOR_NAME = AccentColor;
				CODE_SIGN_STYLE = Automatic;
				CURRENT_PROJECT_VERSION = 1;
				DEVELOPMENT_ASSET_PATHS = "\"TIMELY.OFFICIAL/Preview Content\"";
				ENABLE_PREVIEWS = YES;
				GENERATE_INFOPLIST_FILE = YES;
				INFOPLIST_KEY_UIApplicationSceneManifest_Generation = YES;
				INFOPLIST_KEY_UIApplicationSupportsIndirectInputEvents = YES;
				INFOPLIST_KEY_UILaunchScreen_Generation = YES;
				INFOPLIST_KEY_UISupportedInterfaceOrientations_iPad = "UIInterfaceOrientationPortrait UIInterfaceOrientationPortraitUpsideDown UIInterfaceOrientationLandscapeLeft UIInterfaceOrientationLandscapeRight";
				INFOPLIST_KEY_UISupportedInterfaceOrientations_iPhone = "UIInterfaceOrientationPortrait UIInterfaceOrientationLandscapeLeft UIInterfaceOrientationLandscapeRight";
				LD_RUNPATH_SEARCH_PATHS = (
					"$(inherited)",
					"@executable_path/Frameworks",
				);
				MARKETING_VERSION = 1.0;
				PRODUCT_BUNDLE_IDENTIFIER = "ROUNY.TIMELY-OFFICIAL";
				PRODUCT_NAME = "$(TARGET_NAME)";
				SWIFT_EMIT_LOC_STRINGS = YES;
				SWIFT_VERSION = 5.0;
				TARGETED_DEVICE_FAMILY = "1,2";
			};
			name = Release;
		};
		E83162D32BFBFD0A001D06D1 /* Debug */ = {
			isa = XCBuildConfiguration;
			buildSettings = {
				ALWAYS_EMBED_SWIFT_STANDARD_LIBRARIES = YES;
				BUNDLE_LOADER = "$(TEST_HOST)";
				CODE_SIGN_STYLE = Automatic;
				CURRENT_PROJECT_VERSION = 1;
				GENERATE_INFOPLIST_FILE = YES;
				IPHONEOS_DEPLOYMENT_TARGET = 17.2;
				MARKETING_VERSION = 1.0;
				PRODUCT_BUNDLE_IDENTIFIER = "ROUNY.TIMELY-OFFICIALTests";
				PRODUCT_NAME = "$(TARGET_NAME)";
				SWIFT_EMIT_LOC_STRINGS = NO;
				SWIFT_VERSION = 5.0;
				TARGETED_DEVICE_FAMILY = "1,2";
				TEST_HOST = "$(BUILT_PRODUCTS_DIR)/TIMELY.OFFICIAL.app/$(BUNDLE_EXECUTABLE_FOLDER_PATH)/TIMELY.OFFICIAL";
			};
			name = Debug;
		};
		E83162D42BFBFD0A001D06D1 /* Release */ = {
			isa = XCBuildConfiguration;
			buildSettings = {
				ALWAYS_EMBED_SWIFT_STANDARD_LIBRARIES = YES;
				BUNDLE_LOADER = "$(TEST_HOST)";
				CODE_SIGN_STYLE = Automatic;
				CURRENT_PROJECT_VERSION = 1;
				GENERATE_INFOPLIST_FILE = YES;
				IPHONEOS_DEPLOYMENT_TARGET = 17.2;
				MARKETING_VERSION = 1.0;
				PRODUCT_BUNDLE_IDENTIFIER = "ROUNY.TIMELY-OFFICIALTests";
				PRODUCT_NAME = "$(TARGET_NAME)";
				SWIFT_EMIT_LOC_STRINGS = NO;
				SWIFT_VERSION = 5.0;
				TARGETED_DEVICE_FAMILY = "1,2";
				TEST_HOST = "$(BUILT_PRODUCTS_DIR)/TIMELY.OFFICIAL.app/$(BUNDLE_EXECUTABLE_FOLDER_PATH)/TIMELY.OFFICIAL";
			};
			name = Release;
		};
		E83162D62BFBFD0A001D06D1 /* Debug */ = {
			isa = XCBuildConfiguration;
			buildSettings = {
				ALWAYS_EMBED_SWIFT_STANDARD_LIBRARIES = YES;
				CODE_SIGN_STYLE = Automatic;
				CURRENT_PROJECT_VERSION = 1;
				GENERATE_INFOPLIST_FILE = YES;
				MARKETING_VERSION = 1.0;
				PRODUCT_BUNDLE_IDENTIFIER = "ROUNY.TIMELY-OFFICIALUITests";
				PRODUCT_NAME = "$(TARGET_NAME)";
				SWIFT_EMIT_LOC_STRINGS = NO;
				SWIFT_VERSION = 5.0;
				TARGETED_DEVICE_FAMILY = "1,2";
				TEST_TARGET_NAME = TIMELY.OFFICIAL;
			};
			name = Debug;
		};
		E83162D72BFBFD0A001D06D1 /* Release */ = {
			isa = XCBuildConfiguration;
			buildSettings = {
				ALWAYS_EMBED_SWIFT_STANDARD_LIBRARIES = YES;
				CODE_SIGN_STYLE = Automatic;
				CURRENT_PROJECT_VERSION = 1;
				GENERATE_INFOPLIST_FILE = YES;
				MARKETING_VERSION = 1.0;
				PRODUCT_BUNDLE_IDENTIFIER = "ROUNY.TIMELY-OFFICIALUITests";
				PRODUCT_NAME = "$(TARGET_NAME)";
				SWIFT_EMIT_LOC_STRINGS = NO;
				SWIFT_VERSION = 5.0;
				TARGETED_DEVICE_FAMILY = "1,2";
				TEST_TARGET_NAME = TIMELY.OFFICIAL;
			};
			name = Release;
		};
/* End XCBuildConfiguration section */

/* Begin XCConfigurationList section */
		E83162A62BFBFD09001D06D1 /* Build configuration list for PBXProject "TIMELY.OFFICIAL" */ = {
			isa = XCConfigurationList;
			buildConfigurations = (
				E83162CD2BFBFD0A001D06D1 /* Debug */,
				E83162CE2BFBFD0A001D06D1 /* Release */,
			);
			defaultConfigurationIsVisible = 0;
			defaultConfigurationName = Release;
		};
		E83162CF2BFBFD0A001D06D1 /* Build configuration list for PBXNativeTarget "TIMELY.OFFICIAL" */ = {
			isa = XCConfigurationList;
			buildConfigurations = (
				E83162D02BFBFD0A001D06D1 /* Debug */,
				E83162D12BFBFD0A001D06D1 /* Release */,
			);
			defaultConfigurationIsVisible = 0;
			defaultConfigurationName = Release;
		};
		E83162D22BFBFD0A001D06D1 /* Build configuration list for PBXNativeTarget "TIMELY.OFFICIALTests" */ = {
			isa = XCConfigurationList;
			buildConfigurations = (
				E83162D32BFBFD0A001D06D1 /* Debug */,
				E83162D42BFBFD0A001D06D1 /* Release */,
			);
			defaultConfigurationIsVisible = 0;
			defaultConfigurationName = Release;
		};
		E83162D52BFBFD0A001D06D1 /* Build configuration list for PBXNativeTarget "TIMELY.OFFICIALUITests" */ = {
			isa = XCConfigurationList;
			buildConfigurations = (
				E83162D62BFBFD0A001D06D1 /* Debug */,
				E83162D72BFBFD0A001D06D1 /* Release */,
			);
			defaultConfigurationIsVisible = 0;
			defaultConfigurationName = Release;
		};
/* End XCConfigurationList section */
	};
	rootObject = E83162A32BFBFD09001D06D1 /* Project object */;
}
